
Microsoft Visual Studio Solution File, Format Version 12.00
# Visual Studio Version 17
VisualStudioVersion = 17.8.34330.188
MinimumVisualStudioVersion = 10.0.40219.1
Project("{FAE04EC0-301F-11D3-BF4B-00C04F79EFBC}") = "Pictomancy", "Pictomancy/Pictomancy.csproj", "{34D69499-90E4-437A-A829-D7F322355694}"
EndProject
Global
	GlobalSection(SolutionConfigurationPlatforms) = preSolution
		Debug|Any CPU = Debug|Any CPU
		Release|Any CPU = Release|Any CPU
	EndGlobalSection
	GlobalSection(ProjectConfigurationPlatforms) = postSolution
		{34D69499-90E4-437A-A829-D7F322355694}.Debug|Any CPU.ActiveCfg = Debug|Any CPU
		{34D69499-90E4-437A-A829-D7F322355694}.Debug|Any CPU.Build.0 = Debug|Any CPU
		{34D69499-90E4-437A-A829-D7F322355694}.Release|Any CPU.ActiveCfg = Release|Any CPU
		{34D69499-90E4-437A-A829-D7F322355694}.Release|Any CPU.Build.0 = Release|Any CPU
	EndGlobalSection
	GlobalSection(SolutionProperties) = preSolution
		HideSolutionNode = FALSE
	EndGlobalSection
	GlobalSection(ExtensibilityGlobals) = postSolution
		SolutionGuid = {7F34BEDF-23C7-43E9-B29A-ACC10590A1B3}
	EndGlobalSection
EndGlobal
