
Microsoft Visual Studio Solution File, Format Version 12.00
# Visual Studio Version 17
VisualStudioVersion = 17.8.34330.188
MinimumVisualStudioVersion = 10.0.40219.1
Project("{FAE04EC0-301F-11D3-BF4B-00C04F79EFBC}") = "Pictomancy", "Pictomancy\Pictomancy.csproj", "{34D69499-90E4-437A-A829-D7F322355694}"
EndProject
Global
	GlobalSection(SolutionConfigurationPlatforms) = preSolution
		Debug|x64 = Debug|x64
		Release|x64 = Release|x64
	EndGlobalSection
	GlobalSection(ProjectConfigurationPlatforms) = postSolution
		{34D69499-90E4-437A-A829-D7F322355694}.Debug|x64.ActiveCfg = Debug|x64
		{34D69499-90E4-437A-A829-D7F322355694}.Debug|x64.Build.0 = Debug|x64
		{34D69499-90E4-437A-A829-D7F322355694}.Release|x64.ActiveCfg = Release|x64
		{34D69499-90E4-437A-A829-D7F322355694}.Release|x64.Build.0 = Release|x64
	EndGlobalSection
	GlobalSection(SolutionProperties) = preSolution
		HideSolutionNode = FALSE
	EndGlobalSection
	GlobalSection(ExtensibilityGlobals) = postSolution
		SolutionGuid = {7F34BEDF-23C7-43E9-B29A-ACC10590A1B3}
	EndGlobalSection
EndGlobal
